// !$*UTF8*$!
{
	archiveVersion = 1;
	classes = {
	};
	objectVersion = 46;
	objects = {

/* Begin PBXBuildFile section */
		442DB6A11E8E27F900724551 /* main.m in Sources */ = {isa = PBXBuildFile; fileRef = 442DB6A01E8E27F900724551 /* main.m */; };
		442DB6A41E8E27FA00724551 /* AppDelegate.m in Sources */ = {isa = PBXBuildFile; fileRef = 442DB6A31E8E27FA00724551 /* AppDelegate.m */; };
		442DB6A71E8E27FA00724551 /* ViewController.m in Sources */ = {isa = PBXBuildFile; fileRef = 442DB6A61E8E27FA00724551 /* ViewController.m */; };
		442DB6AA1E8E27FA00724551 /* Main.storyboard in Resources */ = {isa = PBXBuildFile; fileRef = 442DB6A81E8E27FA00724551 /* Main.storyboard */; };
		442DB6AC1E8E27FB00724551 /* Assets.xcassets in Resources */ = {isa = PBXBuildFile; fileRef = 442DB6AB1E8E27FB00724551 /* Assets.xcassets */; };
		442DB6AF1E8E27FB00724551 /* LaunchScreen.storyboard in Resources */ = {isa = PBXBuildFile; fileRef = 442DB6AD1E8E27FB00724551 /* LaunchScreen.storyboard */; };
		44929787200B31D600BAD666 /* CityViewController.m in Sources */ = {isa = PBXBuildFile; fileRef = 44929786200B31D600BAD666 /* CityViewController.m */; };
		44929793200B388C00BAD666 /* CityData.plist in Resources */ = {isa = PBXBuildFile; fileRef = 44929789200B388C00BAD666 /* CityData.plist */; };
		44929794200B388C00BAD666 /* GYZChooseCityController.m in Sources */ = {isa = PBXBuildFile; fileRef = 4492978B200B388C00BAD666 /* GYZChooseCityController.m */; };
		44929795200B388C00BAD666 /* GYZCity.m in Sources */ = {isa = PBXBuildFile; fileRef = 4492978E200B388C00BAD666 /* GYZCity.m */; };
		44929796200B388C00BAD666 /* GYZCityGroupCell.m in Sources */ = {isa = PBXBuildFile; fileRef = 44929790200B388C00BAD666 /* GYZCityGroupCell.m */; };
		44929797200B388C00BAD666 /* GYZCityHeaderView.m in Sources */ = {isa = PBXBuildFile; fileRef = 44929792200B388C00BAD666 /* GYZCityHeaderView.m */; };
		4492979A200B3DEA00BAD666 /* LocationController.m in Sources */ = {isa = PBXBuildFile; fileRef = 44929799200B3DEA00BAD666 /* LocationController.m */; };
		4492979C200B3E1A00BAD666 /* CoreLocation.framework in Frameworks */ = {isa = PBXBuildFile; fileRef = 4492979B200B3E1A00BAD666 /* CoreLocation.framework */; };
		5E4DE3AFA3850E0DF958F008 /* libPods-TheWeather.a in Frameworks */ = {isa = PBXBuildFile; fileRef = 16C772F22E1A2643B5871C51 /* libPods-TheWeather.a */; };
		E5BCF31420046A5F00CFFA52 /* MainViewController.m in Sources */ = {isa = PBXBuildFile; fileRef = E5BCF31320046A5F00CFFA52 /* MainViewController.m */; };
		E5BCF31720046BBA00CFFA52 /* BaseNavigationViewController.m in Sources */ = {isa = PBXBuildFile; fileRef = E5BCF31620046BBA00CFFA52 /* BaseNavigationViewController.m */; };
		E5BCF31920046C5C00CFFA52 /* Images.xcassets in Resources */ = {isa = PBXBuildFile; fileRef = E5BCF31820046C5C00CFFA52 /* Images.xcassets */; };
		E5BCF31C20048FFC00CFFA52 /* BaseViewController.m in Sources */ = {isa = PBXBuildFile; fileRef = E5BCF31B20048FFC00CFFA52 /* BaseViewController.m */; };
		E5BCF3282004952B00CFFA52 /* NewsViewController.m in Sources */ = {isa = PBXBuildFile; fileRef = E5BCF3252004952B00CFFA52 /* NewsViewController.m */; };
		E5BCF32E2004953300CFFA52 /* SportsInfoViewController.m in Sources */ = {isa = PBXBuildFile; fileRef = E5BCF32B2004953300CFFA52 /* SportsInfoViewController.m */; };
		E5BCF3312004953B00CFFA52 /* WeatherViewController.m in Sources */ = {isa = PBXBuildFile; fileRef = E5BCF3302004953B00CFFA52 /* WeatherViewController.m */; };
		E5BCF3342004B25500CFFA52 /* RootViewController.m in Sources */ = {isa = PBXBuildFile; fileRef = E5BCF3332004B25500CFFA52 /* RootViewController.m */; };
		E5BCF3372004BFCE00CFFA52 /* MenuViewController.m in Sources */ = {isa = PBXBuildFile; fileRef = E5BCF3362004BFCE00CFFA52 /* MenuViewController.m */; };
		E5BCF33E2005B5BA00CFFA52 /* MenuViewCell.m in Sources */ = {isa = PBXBuildFile; fileRef = E5BCF33D2005B5BA00CFFA52 /* MenuViewCell.m */; };
		E5BCF3482005F41C00CFFA52 /* CustomCollectionViewCell.m in Sources */ = {isa = PBXBuildFile; fileRef = E5BCF3432005F41C00CFFA52 /* CustomCollectionViewCell.m */; };
		E5BCF3492005F41C00CFFA52 /* CustomCollectionView.m in Sources */ = {isa = PBXBuildFile; fileRef = E5BCF3452005F41C00CFFA52 /* CustomCollectionView.m */; };
		E5BCF34A2005F41C00CFFA52 /* CustomFlowLayout.m in Sources */ = {isa = PBXBuildFile; fileRef = E5BCF3472005F41C00CFFA52 /* CustomFlowLayout.m */; };
		E5BCF3502006FCD100CFFA52 /* TodayWeatherView.m in Sources */ = {isa = PBXBuildFile; fileRef = E5BCF34F2006FCD100CFFA52 /* TodayWeatherView.m */; };
		E5BCF3532007007A00CFFA52 /* CurrentWeatherInfo.m in Sources */ = {isa = PBXBuildFile; fileRef = E5BCF3522007007A00CFFA52 /* CurrentWeatherInfo.m */; };
		E5BCF356200700A700CFFA52 /* FutureWeatherInfo.m in Sources */ = {isa = PBXBuildFile; fileRef = E5BCF355200700A700CFFA52 /* FutureWeatherInfo.m */; };
		E5BCF35A200732A200CFFA52 /* CurrentWeatherViewCell.m in Sources */ = {isa = PBXBuildFile; fileRef = E5BCF358200732A200CFFA52 /* CurrentWeatherViewCell.m */; };
		E5BCF35B200732A200CFFA52 /* CurrentWeatherViewCell.xib in Resources */ = {isa = PBXBuildFile; fileRef = E5BCF359200732A200CFFA52 /* CurrentWeatherViewCell.xib */; };
		E5BCF35E200C4ECA00CFFA52 /* LocationView.m in Sources */ = {isa = PBXBuildFile; fileRef = E5BCF35D200C4ECA00CFFA52 /* LocationView.m */; };
		E5BCF363200C7BDF00CFFA52 /* DailyForecastViewCell.m in Sources */ = {isa = PBXBuildFile; fileRef = E5BCF361200C7BDF00CFFA52 /* DailyForecastViewCell.m */; };
		E5BCF364200C7BDF00CFFA52 /* DailyForecastViewCell.xib in Resources */ = {isa = PBXBuildFile; fileRef = E5BCF362200C7BDF00CFFA52 /* DailyForecastViewCell.xib */; };
		E5BCF368200C89C300CFFA52 /* ForecastViewCell.m in Sources */ = {isa = PBXBuildFile; fileRef = E5BCF366200C89C300CFFA52 /* ForecastViewCell.m */; };
		E5BCF369200C89C300CFFA52 /* ForecastViewCell.xib in Resources */ = {isa = PBXBuildFile; fileRef = E5BCF367200C89C300CFFA52 /* ForecastViewCell.xib */; };
/* End PBXBuildFile section */

/* Begin PBXFileReference section */
		16C772F22E1A2643B5871C51 /* libPods-TheWeather.a */ = {isa = PBXFileReference; explicitFileType = archive.ar; includeInIndex = 0; path = "libPods-TheWeather.a"; sourceTree = BUILT_PRODUCTS_DIR; };
		442DB69C1E8E27F900724551 /* TheWeather.app */ = {isa = PBXFileReference; explicitFileType = wrapper.application; includeInIndex = 0; path = TheWeather.app; sourceTree = BUILT_PRODUCTS_DIR; };
		442DB6A01E8E27F900724551 /* main.m */ = {isa = PBXFileReference; lastKnownFileType = sourcecode.c.objc; path = main.m; sourceTree = "<group>"; };
		442DB6A21E8E27F900724551 /* AppDelegate.h */ = {isa = PBXFileReference; lastKnownFileType = sourcecode.c.h; path = AppDelegate.h; sourceTree = "<group>"; };
		442DB6A31E8E27FA00724551 /* AppDelegate.m */ = {isa = PBXFileReference; lastKnownFileType = sourcecode.c.objc; path = AppDelegate.m; sourceTree = "<group>"; };
		442DB6A51E8E27FA00724551 /* ViewController.h */ = {isa = PBXFileReference; lastKnownFileType = sourcecode.c.h; path = ViewController.h; sourceTree = "<group>"; };
		442DB6A61E8E27FA00724551 /* ViewController.m */ = {isa = PBXFileReference; lastKnownFileType = sourcecode.c.objc; path = ViewController.m; sourceTree = "<group>"; };
		442DB6A91E8E27FA00724551 /* Base */ = {isa = PBXFileReference; lastKnownFileType = file.storyboard; name = Base; path = Base.lproj/Main.storyboard; sourceTree = "<group>"; };
		442DB6AB1E8E27FB00724551 /* Assets.xcassets */ = {isa = PBXFileReference; lastKnownFileType = folder.assetcatalog; path = Assets.xcassets; sourceTree = "<group>"; };
		442DB6AE1E8E27FB00724551 /* Base */ = {isa = PBXFileReference; lastKnownFileType = file.storyboard; name = Base; path = Base.lproj/LaunchScreen.storyboard; sourceTree = "<group>"; };
		442DB6B01E8E27FB00724551 /* Info.plist */ = {isa = PBXFileReference; lastKnownFileType = text.plist.xml; path = Info.plist; sourceTree = "<group>"; };
		44929785200B31D600BAD666 /* CityViewController.h */ = {isa = PBXFileReference; lastKnownFileType = sourcecode.c.h; path = CityViewController.h; sourceTree = "<group>"; };
		44929786200B31D600BAD666 /* CityViewController.m */ = {isa = PBXFileReference; lastKnownFileType = sourcecode.c.objc; path = CityViewController.m; sourceTree = "<group>"; };
		44929789200B388C00BAD666 /* CityData.plist */ = {isa = PBXFileReference; fileEncoding = 4; lastKnownFileType = text.plist.xml; path = CityData.plist; sourceTree = "<group>"; };
		4492978A200B388C00BAD666 /* GYZChooseCityController.h */ = {isa = PBXFileReference; fileEncoding = 4; lastKnownFileType = sourcecode.c.h; path = GYZChooseCityController.h; sourceTree = "<group>"; };
		4492978B200B388C00BAD666 /* GYZChooseCityController.m */ = {isa = PBXFileReference; fileEncoding = 4; lastKnownFileType = sourcecode.c.objc; path = GYZChooseCityController.m; sourceTree = "<group>"; };
		4492978C200B388C00BAD666 /* GYZChooseCityDelegate.h */ = {isa = PBXFileReference; fileEncoding = 4; lastKnownFileType = sourcecode.c.h; path = GYZChooseCityDelegate.h; sourceTree = "<group>"; };
		4492978D200B388C00BAD666 /* GYZCity.h */ = {isa = PBXFileReference; fileEncoding = 4; lastKnownFileType = sourcecode.c.h; path = GYZCity.h; sourceTree = "<group>"; };
		4492978E200B388C00BAD666 /* GYZCity.m */ = {isa = PBXFileReference; fileEncoding = 4; lastKnownFileType = sourcecode.c.objc; path = GYZCity.m; sourceTree = "<group>"; };
		4492978F200B388C00BAD666 /* GYZCityGroupCell.h */ = {isa = PBXFileReference; fileEncoding = 4; lastKnownFileType = sourcecode.c.h; path = GYZCityGroupCell.h; sourceTree = "<group>"; };
		44929790200B388C00BAD666 /* GYZCityGroupCell.m */ = {isa = PBXFileReference; fileEncoding = 4; lastKnownFileType = sourcecode.c.objc; path = GYZCityGroupCell.m; sourceTree = "<group>"; };
		44929791200B388C00BAD666 /* GYZCityHeaderView.h */ = {isa = PBXFileReference; fileEncoding = 4; lastKnownFileType = sourcecode.c.h; path = GYZCityHeaderView.h; sourceTree = "<group>"; };
		44929792200B388C00BAD666 /* GYZCityHeaderView.m */ = {isa = PBXFileReference; fileEncoding = 4; lastKnownFileType = sourcecode.c.objc; path = GYZCityHeaderView.m; sourceTree = "<group>"; };
		44929798200B3DEA00BAD666 /* LocationController.h */ = {isa = PBXFileReference; lastKnownFileType = sourcecode.c.h; path = LocationController.h; sourceTree = "<group>"; };
		44929799200B3DEA00BAD666 /* LocationController.m */ = {isa = PBXFileReference; lastKnownFileType = sourcecode.c.objc; path = LocationController.m; sourceTree = "<group>"; };
		4492979B200B3E1A00BAD666 /* CoreLocation.framework */ = {isa = PBXFileReference; lastKnownFileType = wrapper.framework; name = CoreLocation.framework; path = System/Library/Frameworks/CoreLocation.framework; sourceTree = SDKROOT; };
		4EB7018D5FA456B64FA90360 /* Pods-TheWeather.debug.xcconfig */ = {isa = PBXFileReference; includeInIndex = 1; lastKnownFileType = text.xcconfig; name = "Pods-TheWeather.debug.xcconfig"; path = "Pods/Target Support Files/Pods-TheWeather/Pods-TheWeather.debug.xcconfig"; sourceTree = "<group>"; };
		B852F896BE569D6E17EB3A98 /* Pods-TheWeather.release.xcconfig */ = {isa = PBXFileReference; includeInIndex = 1; lastKnownFileType = text.xcconfig; name = "Pods-TheWeather.release.xcconfig"; path = "Pods/Target Support Files/Pods-TheWeather/Pods-TheWeather.release.xcconfig"; sourceTree = "<group>"; };
		E5BCF31220046A5F00CFFA52 /* MainViewController.h */ = {isa = PBXFileReference; lastKnownFileType = sourcecode.c.h; path = MainViewController.h; sourceTree = "<group>"; };
		E5BCF31320046A5F00CFFA52 /* MainViewController.m */ = {isa = PBXFileReference; lastKnownFileType = sourcecode.c.objc; path = MainViewController.m; sourceTree = "<group>"; };
		E5BCF31520046BBA00CFFA52 /* BaseNavigationViewController.h */ = {isa = PBXFileReference; lastKnownFileType = sourcecode.c.h; path = BaseNavigationViewController.h; sourceTree = "<group>"; };
		E5BCF31620046BBA00CFFA52 /* BaseNavigationViewController.m */ = {isa = PBXFileReference; lastKnownFileType = sourcecode.c.objc; path = BaseNavigationViewController.m; sourceTree = "<group>"; };
		E5BCF31820046C5C00CFFA52 /* Images.xcassets */ = {isa = PBXFileReference; lastKnownFileType = folder.assetcatalog; path = Images.xcassets; sourceTree = "<group>"; };
		E5BCF31A20048FFC00CFFA52 /* BaseViewController.h */ = {isa = PBXFileReference; lastKnownFileType = sourcecode.c.h; path = BaseViewController.h; sourceTree = "<group>"; };
		E5BCF31B20048FFC00CFFA52 /* BaseViewController.m */ = {isa = PBXFileReference; lastKnownFileType = sourcecode.c.objc; path = BaseViewController.m; sourceTree = "<group>"; };
		E5BCF3242004952B00CFFA52 /* NewsViewController.h */ = {isa = PBXFileReference; fileEncoding = 4; lastKnownFileType = sourcecode.c.h; path = NewsViewController.h; sourceTree = "<group>"; };
		E5BCF3252004952B00CFFA52 /* NewsViewController.m */ = {isa = PBXFileReference; fileEncoding = 4; lastKnownFileType = sourcecode.c.objc; path = NewsViewController.m; sourceTree = "<group>"; };
		E5BCF32A2004953300CFFA52 /* SportsInfoViewController.h */ = {isa = PBXFileReference; fileEncoding = 4; lastKnownFileType = sourcecode.c.h; path = SportsInfoViewController.h; sourceTree = "<group>"; };
		E5BCF32B2004953300CFFA52 /* SportsInfoViewController.m */ = {isa = PBXFileReference; fileEncoding = 4; lastKnownFileType = sourcecode.c.objc; path = SportsInfoViewController.m; sourceTree = "<group>"; };
		E5BCF32F2004953B00CFFA52 /* WeatherViewController.h */ = {isa = PBXFileReference; fileEncoding = 4; lastKnownFileType = sourcecode.c.h; path = WeatherViewController.h; sourceTree = "<group>"; };
		E5BCF3302004953B00CFFA52 /* WeatherViewController.m */ = {isa = PBXFileReference; fileEncoding = 4; lastKnownFileType = sourcecode.c.objc; path = WeatherViewController.m; sourceTree = "<group>"; };
		E5BCF3322004B25500CFFA52 /* RootViewController.h */ = {isa = PBXFileReference; lastKnownFileType = sourcecode.c.h; path = RootViewController.h; sourceTree = "<group>"; };
		E5BCF3332004B25500CFFA52 /* RootViewController.m */ = {isa = PBXFileReference; lastKnownFileType = sourcecode.c.objc; path = RootViewController.m; sourceTree = "<group>"; };
		E5BCF3352004BFCE00CFFA52 /* MenuViewController.h */ = {isa = PBXFileReference; lastKnownFileType = sourcecode.c.h; path = MenuViewController.h; sourceTree = "<group>"; };
		E5BCF3362004BFCE00CFFA52 /* MenuViewController.m */ = {isa = PBXFileReference; lastKnownFileType = sourcecode.c.objc; path = MenuViewController.m; sourceTree = "<group>"; };
		E5BCF3382004C96C00CFFA52 /* MenuDelegate.h */ = {isa = PBXFileReference; fileEncoding = 4; lastKnownFileType = sourcecode.c.h; path = MenuDelegate.h; sourceTree = "<group>"; };
		E5BCF33B2005AF6A00CFFA52 /* GlobalDefine.h */ = {isa = PBXFileReference; fileEncoding = 4; lastKnownFileType = sourcecode.c.h; path = GlobalDefine.h; sourceTree = "<group>"; };
		E5BCF33C2005B5BA00CFFA52 /* MenuViewCell.h */ = {isa = PBXFileReference; lastKnownFileType = sourcecode.c.h; path = MenuViewCell.h; sourceTree = "<group>"; };
		E5BCF33D2005B5BA00CFFA52 /* MenuViewCell.m */ = {isa = PBXFileReference; lastKnownFileType = sourcecode.c.objc; path = MenuViewCell.m; sourceTree = "<group>"; };
		E5BCF3422005F41C00CFFA52 /* CustomCollectionViewCell.h */ = {isa = PBXFileReference; fileEncoding = 4; lastKnownFileType = sourcecode.c.h; path = CustomCollectionViewCell.h; sourceTree = "<group>"; };
		E5BCF3432005F41C00CFFA52 /* CustomCollectionViewCell.m */ = {isa = PBXFileReference; fileEncoding = 4; lastKnownFileType = sourcecode.c.objc; path = CustomCollectionViewCell.m; sourceTree = "<group>"; };
		E5BCF3442005F41C00CFFA52 /* CustomCollectionView.h */ = {isa = PBXFileReference; fileEncoding = 4; lastKnownFileType = sourcecode.c.h; path = CustomCollectionView.h; sourceTree = "<group>"; };
		E5BCF3452005F41C00CFFA52 /* CustomCollectionView.m */ = {isa = PBXFileReference; fileEncoding = 4; lastKnownFileType = sourcecode.c.objc; path = CustomCollectionView.m; sourceTree = "<group>"; };
		E5BCF3462005F41C00CFFA52 /* CustomFlowLayout.h */ = {isa = PBXFileReference; fileEncoding = 4; lastKnownFileType = sourcecode.c.h; path = CustomFlowLayout.h; sourceTree = "<group>"; };
		E5BCF3472005F41C00CFFA52 /* CustomFlowLayout.m */ = {isa = PBXFileReference; fileEncoding = 4; lastKnownFileType = sourcecode.c.objc; path = CustomFlowLayout.m; sourceTree = "<group>"; };
		E5BCF34E2006FCD100CFFA52 /* TodayWeatherView.h */ = {isa = PBXFileReference; lastKnownFileType = sourcecode.c.h; path = TodayWeatherView.h; sourceTree = "<group>"; };
		E5BCF34F2006FCD100CFFA52 /* TodayWeatherView.m */ = {isa = PBXFileReference; lastKnownFileType = sourcecode.c.objc; path = TodayWeatherView.m; sourceTree = "<group>"; };
		E5BCF3512007007A00CFFA52 /* CurrentWeatherInfo.h */ = {isa = PBXFileReference; lastKnownFileType = sourcecode.c.h; path = CurrentWeatherInfo.h; sourceTree = "<group>"; };
		E5BCF3522007007A00CFFA52 /* CurrentWeatherInfo.m */ = {isa = PBXFileReference; lastKnownFileType = sourcecode.c.objc; path = CurrentWeatherInfo.m; sourceTree = "<group>"; };
		E5BCF354200700A700CFFA52 /* FutureWeatherInfo.h */ = {isa = PBXFileReference; lastKnownFileType = sourcecode.c.h; path = FutureWeatherInfo.h; sourceTree = "<group>"; };
		E5BCF355200700A700CFFA52 /* FutureWeatherInfo.m */ = {isa = PBXFileReference; lastKnownFileType = sourcecode.c.objc; path = FutureWeatherInfo.m; sourceTree = "<group>"; };
		E5BCF357200732A200CFFA52 /* CurrentWeatherViewCell.h */ = {isa = PBXFileReference; lastKnownFileType = sourcecode.c.h; path = CurrentWeatherViewCell.h; sourceTree = "<group>"; };
		E5BCF358200732A200CFFA52 /* CurrentWeatherViewCell.m */ = {isa = PBXFileReference; lastKnownFileType = sourcecode.c.objc; path = CurrentWeatherViewCell.m; sourceTree = "<group>"; };
		E5BCF359200732A200CFFA52 /* CurrentWeatherViewCell.xib */ = {isa = PBXFileReference; lastKnownFileType = file.xib; path = CurrentWeatherViewCell.xib; sourceTree = "<group>"; };
		E5BCF35C200C4ECA00CFFA52 /* LocationView.h */ = {isa = PBXFileReference; lastKnownFileType = sourcecode.c.h; path = LocationView.h; sourceTree = "<group>"; };
		E5BCF35D200C4ECA00CFFA52 /* LocationView.m */ = {isa = PBXFileReference; lastKnownFileType = sourcecode.c.objc; path = LocationView.m; sourceTree = "<group>"; };
		E5BCF360200C7BDF00CFFA52 /* DailyForecastViewCell.h */ = {isa = PBXFileReference; lastKnownFileType = sourcecode.c.h; path = DailyForecastViewCell.h; sourceTree = "<group>"; };
		E5BCF361200C7BDF00CFFA52 /* DailyForecastViewCell.m */ = {isa = PBXFileReference; lastKnownFileType = sourcecode.c.objc; path = DailyForecastViewCell.m; sourceTree = "<group>"; };
		E5BCF362200C7BDF00CFFA52 /* DailyForecastViewCell.xib */ = {isa = PBXFileReference; lastKnownFileType = file.xib; path = DailyForecastViewCell.xib; sourceTree = "<group>"; };
		E5BCF365200C89C300CFFA52 /* ForecastViewCell.h */ = {isa = PBXFileReference; lastKnownFileType = sourcecode.c.h; path = ForecastViewCell.h; sourceTree = "<group>"; };
		E5BCF366200C89C300CFFA52 /* ForecastViewCell.m */ = {isa = PBXFileReference; lastKnownFileType = sourcecode.c.objc; path = ForecastViewCell.m; sourceTree = "<group>"; };
		E5BCF367200C89C300CFFA52 /* ForecastViewCell.xib */ = {isa = PBXFileReference; lastKnownFileType = file.xib; path = ForecastViewCell.xib; sourceTree = "<group>"; };
/* End PBXFileReference section */

/* Begin PBXFrameworksBuildPhase section */
		442DB6991E8E27F900724551 /* Frameworks */ = {
			isa = PBXFrameworksBuildPhase;
			buildActionMask = 2147483647;
			files = (
				4492979C200B3E1A00BAD666 /* CoreLocation.framework in Frameworks */,
				5E4DE3AFA3850E0DF958F008 /* libPods-TheWeather.a in Frameworks */,
			);
			runOnlyForDeploymentPostprocessing = 0;
		};
/* End PBXFrameworksBuildPhase section */

/* Begin PBXGroup section */
		442DB6931E8E27F800724551 = {
			isa = PBXGroup;
			children = (
				442DB69E1E8E27F900724551 /* TheWeather */,
				442DB69D1E8E27F900724551 /* Products */,
				EBDE69FD644AA9012C5BE8A0 /* Pods */,
				F60C868111B5D2997A8506EA /* Frameworks */,
			);
			sourceTree = "<group>";
		};
		442DB69D1E8E27F900724551 /* Products */ = {
			isa = PBXGroup;
			children = (
				442DB69C1E8E27F900724551 /* TheWeather.app */,
			);
			name = Products;
			sourceTree = "<group>";
		};
		442DB69E1E8E27F900724551 /* TheWeather */ = {
			isa = PBXGroup;
			children = (
				E5BCF33A2005AF5500CFFA52 /* Utils */,
				E5BCF31F2004944800CFFA52 /* News */,
				E5BCF31E2004943E00CFFA52 /* Sports */,
				E5BCF31D2004942A00CFFA52 /* Weather */,
				E5BCF31120046A3300CFFA52 /* Main */,
				442DB6A21E8E27F900724551 /* AppDelegate.h */,
				442DB6A31E8E27FA00724551 /* AppDelegate.m */,
				E5BCF3322004B25500CFFA52 /* RootViewController.h */,
				E5BCF3332004B25500CFFA52 /* RootViewController.m */,
				442DB6A51E8E27FA00724551 /* ViewController.h */,
				442DB6A61E8E27FA00724551 /* ViewController.m */,
				442DB6A81E8E27FA00724551 /* Main.storyboard */,
				442DB6AB1E8E27FB00724551 /* Assets.xcassets */,
				442DB6AD1E8E27FB00724551 /* LaunchScreen.storyboard */,
				442DB6B01E8E27FB00724551 /* Info.plist */,
				E5BCF31820046C5C00CFFA52 /* Images.xcassets */,
				442DB69F1E8E27F900724551 /* Supporting Files */,
			);
			path = TheWeather;
			sourceTree = "<group>";
		};
		442DB69F1E8E27F900724551 /* Supporting Files */ = {
			isa = PBXGroup;
			children = (
				442DB6A01E8E27F900724551 /* main.m */,
			);
			name = "Supporting Files";
			sourceTree = "<group>";
		};
		44929788200B388C00BAD666 /* GYZChooseCity */ = {
			isa = PBXGroup;
			children = (
				44929789200B388C00BAD666 /* CityData.plist */,
				4492978A200B388C00BAD666 /* GYZChooseCityController.h */,
				4492978B200B388C00BAD666 /* GYZChooseCityController.m */,
				4492978C200B388C00BAD666 /* GYZChooseCityDelegate.h */,
				4492978D200B388C00BAD666 /* GYZCity.h */,
				4492978E200B388C00BAD666 /* GYZCity.m */,
				4492978F200B388C00BAD666 /* GYZCityGroupCell.h */,
				44929790200B388C00BAD666 /* GYZCityGroupCell.m */,
				44929791200B388C00BAD666 /* GYZCityHeaderView.h */,
				44929792200B388C00BAD666 /* GYZCityHeaderView.m */,
			);
			path = GYZChooseCity;
			sourceTree = "<group>";
		};
		E5BCF31120046A3300CFFA52 /* Main */ = {
			isa = PBXGroup;
			children = (
				E5BCF3392005ACD700CFFA52 /* views */,
				E5BCF3382004C96C00CFFA52 /* MenuDelegate.h */,
				E5BCF31220046A5F00CFFA52 /* MainViewController.h */,
				E5BCF31320046A5F00CFFA52 /* MainViewController.m */,
				E5BCF31520046BBA00CFFA52 /* BaseNavigationViewController.h */,
				E5BCF31620046BBA00CFFA52 /* BaseNavigationViewController.m */,
				E5BCF31A20048FFC00CFFA52 /* BaseViewController.h */,
				E5BCF31B20048FFC00CFFA52 /* BaseViewController.m */,
				E5BCF3352004BFCE00CFFA52 /* MenuViewController.h */,
				E5BCF3362004BFCE00CFFA52 /* MenuViewController.m */,
			);
			path = Main;
			sourceTree = "<group>";
		};
		E5BCF31D2004942A00CFFA52 /* Weather */ = {
			isa = PBXGroup;
			children = (
				E5BCF3222004946600CFFA52 /* Controller */,
				E5BCF3212004946100CFFA52 /* View */,
				E5BCF3202004945500CFFA52 /* Model */,
			);
			path = Weather;
			sourceTree = "<group>";
		};
		E5BCF31E2004943E00CFFA52 /* Sports */ = {
			isa = PBXGroup;
			children = (
				E5BCF3292004953300CFFA52 /* Controller */,
				E5BCF32C2004953300CFFA52 /* Model */,
				E5BCF32D2004953300CFFA52 /* View */,
			);
			path = Sports;
			sourceTree = "<group>";
		};
		E5BCF31F2004944800CFFA52 /* News */ = {
			isa = PBXGroup;
			children = (
				E5BCF3232004952B00CFFA52 /* Controller */,
				E5BCF3272004952B00CFFA52 /* Model */,
				E5BCF3262004952B00CFFA52 /* View */,
			);
			path = News;
			sourceTree = "<group>";
		};
		E5BCF3202004945500CFFA52 /* Model */ = {
			isa = PBXGroup;
			children = (
				E5BCF3512007007A00CFFA52 /* CurrentWeatherInfo.h */,
				E5BCF3522007007A00CFFA52 /* CurrentWeatherInfo.m */,
				E5BCF354200700A700CFFA52 /* FutureWeatherInfo.h */,
				E5BCF355200700A700CFFA52 /* FutureWeatherInfo.m */,
			);
			path = Model;
			sourceTree = "<group>";
		};
		E5BCF3212004946100CFFA52 /* View */ = {
			isa = PBXGroup;
			children = (
				E5BCF35F200C7B5C00CFFA52 /* Forecase */,
				44929788200B388C00BAD666 /* GYZChooseCity */,
				E5BCF3442005F41C00CFFA52 /* CustomCollectionView.h */,
				E5BCF3452005F41C00CFFA52 /* CustomCollectionView.m */,
				E5BCF3422005F41C00CFFA52 /* CustomCollectionViewCell.h */,
				E5BCF3432005F41C00CFFA52 /* CustomCollectionViewCell.m */,
				E5BCF3462005F41C00CFFA52 /* CustomFlowLayout.h */,
				E5BCF3472005F41C00CFFA52 /* CustomFlowLayout.m */,
				E5BCF34E2006FCD100CFFA52 /* TodayWeatherView.h */,
				E5BCF34F2006FCD100CFFA52 /* TodayWeatherView.m */,
				E5BCF357200732A200CFFA52 /* CurrentWeatherViewCell.h */,
				E5BCF358200732A200CFFA52 /* CurrentWeatherViewCell.m */,
				E5BCF359200732A200CFFA52 /* CurrentWeatherViewCell.xib */,
				E5BCF35C200C4ECA00CFFA52 /* LocationView.h */,
				E5BCF35D200C4ECA00CFFA52 /* LocationView.m */,
			);
			path = View;
			sourceTree = "<group>";
		};
		E5BCF3222004946600CFFA52 /* Controller */ = {
			isa = PBXGroup;
			children = (
				E5BCF32F2004953B00CFFA52 /* WeatherViewController.h */,
				E5BCF3302004953B00CFFA52 /* WeatherViewController.m */,
				44929785200B31D600BAD666 /* CityViewController.h */,
				44929786200B31D600BAD666 /* CityViewController.m */,
				44929798200B3DEA00BAD666 /* LocationController.h */,
				44929799200B3DEA00BAD666 /* LocationController.m */,
			);
			path = Controller;
			sourceTree = "<group>";
		};
		E5BCF3232004952B00CFFA52 /* Controller */ = {
			isa = PBXGroup;
			children = (
				E5BCF3242004952B00CFFA52 /* NewsViewController.h */,
				E5BCF3252004952B00CFFA52 /* NewsViewController.m */,
			);
			path = Controller;
			sourceTree = "<group>";
		};
		E5BCF3262004952B00CFFA52 /* View */ = {
			isa = PBXGroup;
			children = (
			);
			path = View;
			sourceTree = "<group>";
		};
		E5BCF3272004952B00CFFA52 /* Model */ = {
			isa = PBXGroup;
			children = (
			);
			path = Model;
			sourceTree = "<group>";
		};
		E5BCF3292004953300CFFA52 /* Controller */ = {
			isa = PBXGroup;
			children = (
				E5BCF32A2004953300CFFA52 /* SportsInfoViewController.h */,
				E5BCF32B2004953300CFFA52 /* SportsInfoViewController.m */,
			);
			path = Controller;
			sourceTree = "<group>";
		};
		E5BCF32C2004953300CFFA52 /* Model */ = {
			isa = PBXGroup;
			children = (
			);
			path = Model;
			sourceTree = "<group>";
		};
		E5BCF32D2004953300CFFA52 /* View */ = {
			isa = PBXGroup;
			children = (
			);
			path = View;
			sourceTree = "<group>";
		};
		E5BCF3392005ACD700CFFA52 /* views */ = {
			isa = PBXGroup;
			children = (
				E5BCF33C2005B5BA00CFFA52 /* MenuViewCell.h */,
				E5BCF33D2005B5BA00CFFA52 /* MenuViewCell.m */,
			);
			path = views;
			sourceTree = "<group>";
		};
		E5BCF33A2005AF5500CFFA52 /* Utils */ = {
			isa = PBXGroup;
			children = (
				E5BCF33B2005AF6A00CFFA52 /* GlobalDefine.h */,
			);
			path = Utils;
			sourceTree = "<group>";
		};
		E5BCF35F200C7B5C00CFFA52 /* Forecase */ = {
			isa = PBXGroup;
			children = (
				E5BCF360200C7BDF00CFFA52 /* DailyForecastViewCell.h */,
				E5BCF361200C7BDF00CFFA52 /* DailyForecastViewCell.m */,
				E5BCF362200C7BDF00CFFA52 /* DailyForecastViewCell.xib */,
				E5BCF365200C89C300CFFA52 /* ForecastViewCell.h */,
				E5BCF366200C89C300CFFA52 /* ForecastViewCell.m */,
				E5BCF367200C89C300CFFA52 /* ForecastViewCell.xib */,
			);
			path = Forecase;
			sourceTree = "<group>";
		};
		EBDE69FD644AA9012C5BE8A0 /* Pods */ = {
			isa = PBXGroup;
			children = (
				4EB7018D5FA456B64FA90360 /* Pods-TheWeather.debug.xcconfig */,
				B852F896BE569D6E17EB3A98 /* Pods-TheWeather.release.xcconfig */,
			);
			name = Pods;
			sourceTree = "<group>";
		};
		F60C868111B5D2997A8506EA /* Frameworks */ = {
			isa = PBXGroup;
			children = (
				4492979B200B3E1A00BAD666 /* CoreLocation.framework */,
				16C772F22E1A2643B5871C51 /* libPods-TheWeather.a */,
			);
			name = Frameworks;
			sourceTree = "<group>";
		};
/* End PBXGroup section */

/* Begin PBXNativeTarget section */
		442DB69B1E8E27F900724551 /* TheWeather */ = {
			isa = PBXNativeTarget;
			buildConfigurationList = 442DB6B31E8E27FB00724551 /* Build configuration list for PBXNativeTarget "TheWeather" */;
			buildPhases = (
				2A6D8364399C7953D2BAF210 /* [CP] Check Pods Manifest.lock */,
				442DB6981E8E27F900724551 /* Sources */,
				442DB6991E8E27F900724551 /* Frameworks */,
				442DB69A1E8E27F900724551 /* Resources */,
				061DD84A12819E516FBE0373 /* [CP] Embed Pods Frameworks */,
				37FCE21C606085BFE8F608E2 /* [CP] Copy Pods Resources */,
			);
			buildRules = (
			);
			dependencies = (
			);
			name = TheWeather;
			productName = TheWeather;
			productReference = 442DB69C1E8E27F900724551 /* TheWeather.app */;
			productType = "com.apple.product-type.application";
		};
/* End PBXNativeTarget section */

/* Begin PBXProject section */
		442DB6941E8E27F900724551 /* Project object */ = {
			isa = PBXProject;
			attributes = {
				LastUpgradeCheck = 0820;
				ORGANIZATIONNAME = com.snailgames;
				TargetAttributes = {
					442DB69B1E8E27F900724551 = {
						CreatedOnToolsVersion = 8.2.1;
						DevelopmentTeam = WSSN499SLU;
						ProvisioningStyle = Manual;
					};
				};
			};
			buildConfigurationList = 442DB6971E8E27F900724551 /* Build configuration list for PBXProject "TheWeather" */;
			compatibilityVersion = "Xcode 3.2";
			developmentRegion = English;
			hasScannedForEncodings = 0;
			knownRegions = (
				en,
				Base,
			);
			mainGroup = 442DB6931E8E27F800724551;
			productRefGroup = 442DB69D1E8E27F900724551 /* Products */;
			projectDirPath = "";
			projectRoot = "";
			targets = (
				442DB69B1E8E27F900724551 /* TheWeather */,
			);
		};
/* End PBXProject section */

/* Begin PBXResourcesBuildPhase section */
		442DB69A1E8E27F900724551 /* Resources */ = {
			isa = PBXResourcesBuildPhase;
			buildActionMask = 2147483647;
			files = (
				442DB6AF1E8E27FB00724551 /* LaunchScreen.storyboard in Resources */,
				E5BCF31920046C5C00CFFA52 /* Images.xcassets in Resources */,
				E5BCF35B200732A200CFFA52 /* CurrentWeatherViewCell.xib in Resources */,
				442DB6AC1E8E27FB00724551 /* Assets.xcassets in Resources */,
				442DB6AA1E8E27FA00724551 /* Main.storyboard in Resources */,
				E5BCF364200C7BDF00CFFA52 /* DailyForecastViewCell.xib in Resources */,
				44929793200B388C00BAD666 /* CityData.plist in Resources */,
				E5BCF369200C89C300CFFA52 /* ForecastViewCell.xib in Resources */,
			);
			runOnlyForDeploymentPostprocessing = 0;
		};
/* End PBXResourcesBuildPhase section */

/* Begin PBXShellScriptBuildPhase section */
		061DD84A12819E516FBE0373 /* [CP] Embed Pods Frameworks */ = {
			isa = PBXShellScriptBuildPhase;
			buildActionMask = 2147483647;
			files = (
			);
			inputPaths = (
			);
			name = "[CP] Embed Pods Frameworks";
			outputPaths = (
			);
			runOnlyForDeploymentPostprocessing = 0;
			shellPath = /bin/sh;
			shellScript = "\"${SRCROOT}/Pods/Target Support Files/Pods-TheWeather/Pods-TheWeather-frameworks.sh\"\n";
			showEnvVarsInLog = 0;
		};
		2A6D8364399C7953D2BAF210 /* [CP] Check Pods Manifest.lock */ = {
			isa = PBXShellScriptBuildPhase;
			buildActionMask = 2147483647;
			files = (
			);
			inputPaths = (
				"${PODS_PODFILE_DIR_PATH}/Podfile.lock",
				"${PODS_ROOT}/Manifest.lock",
			);
			name = "[CP] Check Pods Manifest.lock";
			outputPaths = (
				"$(DERIVED_FILE_DIR)/Pods-TheWeather-checkManifestLockResult.txt",
			);
			runOnlyForDeploymentPostprocessing = 0;
			shellPath = /bin/sh;
			shellScript = "diff \"${PODS_PODFILE_DIR_PATH}/Podfile.lock\" \"${PODS_ROOT}/Manifest.lock\" > /dev/null\nif [ $? != 0 ] ; then\n    # print error to STDERR\n    echo \"error: The sandbox is not in sync with the Podfile.lock. Run 'pod install' or update your CocoaPods installation.\" >&2\n    exit 1\nfi\n# This output is used by Xcode 'outputs' to avoid re-running this script phase.\necho \"SUCCESS\" > \"${SCRIPT_OUTPUT_FILE_0}\"\n";
			showEnvVarsInLog = 0;
		};
		37FCE21C606085BFE8F608E2 /* [CP] Copy Pods Resources */ = {
			isa = PBXShellScriptBuildPhase;
			buildActionMask = 2147483647;
			files = (
			);
			inputPaths = (
				"${SRCROOT}/Pods/Target Support Files/Pods-TheWeather/Pods-TheWeather-resources.sh",
				"${PODS_ROOT}/MJRefresh/MJRefresh/MJRefresh.bundle",
			);
			name = "[CP] Copy Pods Resources";
			outputPaths = (
				"${TARGET_BUILD_DIR}/${UNLOCALIZED_RESOURCES_FOLDER_PATH}",
			);
			runOnlyForDeploymentPostprocessing = 0;
			shellPath = /bin/sh;
			shellScript = "\"${SRCROOT}/Pods/Target Support Files/Pods-TheWeather/Pods-TheWeather-resources.sh\"\n";
			showEnvVarsInLog = 0;
		};
/* End PBXShellScriptBuildPhase section */

/* Begin PBXSourcesBuildPhase section */
		442DB6981E8E27F900724551 /* Sources */ = {
			isa = PBXSourcesBuildPhase;
			buildActionMask = 2147483647;
			files = (
				442DB6A71E8E27FA00724551 /* ViewController.m in Sources */,
				E5BCF363200C7BDF00CFFA52 /* DailyForecastViewCell.m in Sources */,
				E5BCF31C20048FFC00CFFA52 /* BaseViewController.m in Sources */,
				E5BCF3502006FCD100CFFA52 /* TodayWeatherView.m in Sources */,
				442DB6A41E8E27FA00724551 /* AppDelegate.m in Sources */,
				E5BCF32E2004953300CFFA52 /* SportsInfoViewController.m in Sources */,
				44929797200B388C00BAD666 /* GYZCityHeaderView.m in Sources */,
				E5BCF35A200732A200CFFA52 /* CurrentWeatherViewCell.m in Sources */,
				44929796200B388C00BAD666 /* GYZCityGroupCell.m in Sources */,
				E5BCF356200700A700CFFA52 /* FutureWeatherInfo.m in Sources */,
				44929787200B31D600BAD666 /* CityViewController.m in Sources */,
				E5BCF3342004B25500CFFA52 /* RootViewController.m in Sources */,
				E5BCF3312004953B00CFFA52 /* WeatherViewController.m in Sources */,
				E5BCF31720046BBA00CFFA52 /* BaseNavigationViewController.m in Sources */,
				E5BCF3532007007A00CFFA52 /* CurrentWeatherInfo.m in Sources */,
				E5BCF368200C89C300CFFA52 /* ForecastViewCell.m in Sources */,
				E5BCF31420046A5F00CFFA52 /* MainViewController.m in Sources */,
				4492979A200B3DEA00BAD666 /* LocationController.m in Sources */,
				442DB6A11E8E27F900724551 /* main.m in Sources */,
				E5BCF33E2005B5BA00CFFA52 /* MenuViewCell.m in Sources */,
				44929795200B388C00BAD666 /* GYZCity.m in Sources */,
				E5BCF3482005F41C00CFFA52 /* CustomCollectionViewCell.m in Sources */,
				E5BCF3492005F41C00CFFA52 /* CustomCollectionView.m in Sources */,
				E5BCF3372004BFCE00CFFA52 /* MenuViewController.m in Sources */,
				E5BCF34A2005F41C00CFFA52 /* CustomFlowLayout.m in Sources */,
				E5BCF35E200C4ECA00CFFA52 /* LocationView.m in Sources */,
				E5BCF3282004952B00CFFA52 /* NewsViewController.m in Sources */,
				44929794200B388C00BAD666 /* GYZChooseCityController.m in Sources */,
			);
			runOnlyForDeploymentPostprocessing = 0;
		};
/* End PBXSourcesBuildPhase section */

/* Begin PBXVariantGroup section */
		442DB6A81E8E27FA00724551 /* Main.storyboard */ = {
			isa = PBXVariantGroup;
			children = (
				442DB6A91E8E27FA00724551 /* Base */,
			);
			name = Main.storyboard;
			sourceTree = "<group>";
		};
		442DB6AD1E8E27FB00724551 /* LaunchScreen.storyboard */ = {
			isa = PBXVariantGroup;
			children = (
				442DB6AE1E8E27FB00724551 /* Base */,
			);
			name = LaunchScreen.storyboard;
			sourceTree = "<group>";
		};
/* End PBXVariantGroup section */

/* Begin XCBuildConfiguration section */
		442DB6B11E8E27FB00724551 /* Debug */ = {
			isa = XCBuildConfiguration;
			buildSettings = {
				ALWAYS_SEARCH_USER_PATHS = NO;
				CLANG_ANALYZER_NONNULL = YES;
				CLANG_CXX_LANGUAGE_STANDARD = "gnu++0x";
				CLANG_CXX_LIBRARY = "libc++";
				CLANG_ENABLE_MODULES = YES;
				CLANG_ENABLE_OBJC_ARC = YES;
				CLANG_WARN_BOOL_CONVERSION = YES;
				CLANG_WARN_CONSTANT_CONVERSION = YES;
				CLANG_WARN_DIRECT_OBJC_ISA_USAGE = YES_ERROR;
				CLANG_WARN_DOCUMENTATION_COMMENTS = YES;
				CLANG_WARN_EMPTY_BODY = YES;
				CLANG_WARN_ENUM_CONVERSION = YES;
				CLANG_WARN_INFINITE_RECURSION = YES;
				CLANG_WARN_INT_CONVERSION = YES;
				CLANG_WARN_OBJC_ROOT_CLASS = YES_ERROR;
				CLANG_WARN_SUSPICIOUS_MOVE = YES;
				CLANG_WARN_UNREACHABLE_CODE = YES;
				CLANG_WARN__DUPLICATE_METHOD_MATCH = YES;
				"CODE_SIGN_IDENTITY[sdk=iphoneos*]" = "iPhone Developer";
				COPY_PHASE_STRIP = NO;
				DEBUG_INFORMATION_FORMAT = dwarf;
				ENABLE_STRICT_OBJC_MSGSEND = YES;
				ENABLE_TESTABILITY = YES;
				GCC_C_LANGUAGE_STANDARD = gnu99;
				GCC_DYNAMIC_NO_PIC = NO;
				GCC_NO_COMMON_BLOCKS = YES;
				GCC_OPTIMIZATION_LEVEL = 0;
				GCC_PREPROCESSOR_DEFINITIONS = (
					"DEBUG=1",
					"$(inherited)",
				);
				GCC_WARN_64_TO_32_BIT_CONVERSION = YES;
				GCC_WARN_ABOUT_RETURN_TYPE = YES_ERROR;
				GCC_WARN_UNDECLARED_SELECTOR = YES;
				GCC_WARN_UNINITIALIZED_AUTOS = YES_AGGRESSIVE;
				GCC_WARN_UNUSED_FUNCTION = YES;
				GCC_WARN_UNUSED_VARIABLE = YES;
				IPHONEOS_DEPLOYMENT_TARGET = 10.2;
				MTL_ENABLE_DEBUG_INFO = YES;
				ONLY_ACTIVE_ARCH = YES;
				SDKROOT = iphoneos;
				TARGETED_DEVICE_FAMILY = "1,2";
			};
			name = Debug;
		};
		442DB6B21E8E27FB00724551 /* Release */ = {
			isa = XCBuildConfiguration;
			buildSettings = {
				ALWAYS_SEARCH_USER_PATHS = NO;
				CLANG_ANALYZER_NONNULL = YES;
				CLANG_CXX_LANGUAGE_STANDARD = "gnu++0x";
				CLANG_CXX_LIBRARY = "libc++";
				CLANG_ENABLE_MODULES = YES;
				CLANG_ENABLE_OBJC_ARC = YES;
				CLANG_WARN_BOOL_CONVERSION = YES;
				CLANG_WARN_CONSTANT_CONVERSION = YES;
				CLANG_WARN_DIRECT_OBJC_ISA_USAGE = YES_ERROR;
				CLANG_WARN_DOCUMENTATION_COMMENTS = YES;
				CLANG_WARN_EMPTY_BODY = YES;
				CLANG_WARN_ENUM_CONVERSION = YES;
				CLANG_WARN_INFINITE_RECURSION = YES;
				CLANG_WARN_INT_CONVERSION = YES;
				CLANG_WARN_OBJC_ROOT_CLASS = YES_ERROR;
				CLANG_WARN_SUSPICIOUS_MOVE = YES;
				CLANG_WARN_UNREACHABLE_CODE = YES;
				CLANG_WARN__DUPLICATE_METHOD_MATCH = YES;
				"CODE_SIGN_IDENTITY[sdk=iphoneos*]" = "iPhone Developer";
				COPY_PHASE_STRIP = NO;
				DEBUG_INFORMATION_FORMAT = "dwarf-with-dsym";
				ENABLE_NS_ASSERTIONS = NO;
				ENABLE_STRICT_OBJC_MSGSEND = YES;
				GCC_C_LANGUAGE_STANDARD = gnu99;
				GCC_NO_COMMON_BLOCKS = YES;
				GCC_WARN_64_TO_32_BIT_CONVERSION = YES;
				GCC_WARN_ABOUT_RETURN_TYPE = YES_ERROR;
				GCC_WARN_UNDECLARED_SELECTOR = YES;
				GCC_WARN_UNINITIALIZED_AUTOS = YES_AGGRESSIVE;
				GCC_WARN_UNUSED_FUNCTION = YES;
				GCC_WARN_UNUSED_VARIABLE = YES;
				IPHONEOS_DEPLOYMENT_TARGET = 10.2;
				MTL_ENABLE_DEBUG_INFO = NO;
				SDKROOT = iphoneos;
				TARGETED_DEVICE_FAMILY = "1,2";
				VALIDATE_PRODUCT = YES;
			};
			name = Release;
		};
		442DB6B41E8E27FB00724551 /* Debug */ = {
			isa = XCBuildConfiguration;
			baseConfigurationReference = 4EB7018D5FA456B64FA90360 /* Pods-TheWeather.debug.xcconfig */;
			buildSettings = {
				ASSETCATALOG_COMPILER_APPICON_NAME = AppIcon;
				ASSETCATALOG_COMPILER_LAUNCHIMAGE_NAME = LaunchImage;
				DEVELOPMENT_TEAM = WSSN499SLU;
				INFOPLIST_FILE = TheWeather/Info.plist;
				IPHONEOS_DEPLOYMENT_TARGET = 8.0;
				LD_RUNPATH_SEARCH_PATHS = "$(inherited) @executable_path/Frameworks";
				PRODUCT_BUNDLE_IDENTIFIER = com.snailgames.TheWeather;
				PRODUCT_NAME = "$(TARGET_NAME)";
				PROVISIONING_PROFILE = "2e56b5b0-832e-4fb0-b270-5dd392ace545";
				PROVISIONING_PROFILE_SPECIFIER = UniversalSnailDev;
			};
			name = Debug;
		};
		442DB6B51E8E27FB00724551 /* Release */ = {
			isa = XCBuildConfiguration;
			baseConfigurationReference = B852F896BE569D6E17EB3A98 /* Pods-TheWeather.release.xcconfig */;
			buildSettings = {
				ASSETCATALOG_COMPILER_APPICON_NAME = AppIcon;
				ASSETCATALOG_COMPILER_LAUNCHIMAGE_NAME = LaunchImage;
				DEVELOPMENT_TEAM = WSSN499SLU;
				INFOPLIST_FILE = TheWeather/Info.plist;
				IPHONEOS_DEPLOYMENT_TARGET = 8.0;
				LD_RUNPATH_SEARCH_PATHS = "$(inherited) @executable_path/Frameworks";
				PRODUCT_BUNDLE_IDENTIFIER = com.snailgames.TheWeather;
				PRODUCT_NAME = "$(TARGET_NAME)";
				PROVISIONING_PROFILE = "2e56b5b0-832e-4fb0-b270-5dd392ace545";
				PROVISIONING_PROFILE_SPECIFIER = UniversalSnailDev;
			};
			name = Release;
		};
/* End XCBuildConfiguration section */

/* Begin XCConfigurationList section */
		442DB6971E8E27F900724551 /* Build configuration list for PBXProject "TheWeather" */ = {
			isa = XCConfigurationList;
			buildConfigurations = (
				442DB6B11E8E27FB00724551 /* Debug */,
				442DB6B21E8E27FB00724551 /* Release */,
			);
			defaultConfigurationIsVisible = 0;
			defaultConfigurationName = Release;
		};
		442DB6B31E8E27FB00724551 /* Build configuration list for PBXNativeTarget "TheWeather" */ = {
			isa = XCConfigurationList;
			buildConfigurations = (
				442DB6B41E8E27FB00724551 /* Debug */,
				442DB6B51E8E27FB00724551 /* Release */,
			);
			defaultConfigurationIsVisible = 0;
			defaultConfigurationName = Release;
		};
/* End XCConfigurationList section */
	};
	rootObject = 442DB6941E8E27F900724551 /* Project object */;
}
